
Microsoft Visual Studio Solution File, Format Version 12.00
# Visual Studio 15
VisualStudioVersion = 15.0.28010.2050
MinimumVisualStudioVersion = 10.0.40219.1
Project("{FAE04EC0-301F-11D3-BF4B-00C04F79EFBC}") = "TextAnaysis_Prototype_1", "TextAnaysis_Prototype_1\TextAnaysis_Prototype_1.csproj", "{0CF2F271-9155-44A9-985D-2D6E77923DFF}"
EndProject
Global
	GlobalSection(SolutionConfigurationPlatforms) = preSolution
		Debug|Any CPU = Debug|Any CPU
		Release|Any CPU = Release|Any CPU
	EndGlobalSection
	GlobalSection(ProjectConfigurationPlatforms) = postSolution
		{0CF2F271-9155-44A9-985D-2D6E77923DFF}.Debug|Any CPU.ActiveCfg = Debug|Any CPU
		{0CF2F271-9155-44A9-985D-2D6E77923DFF}.Debug|Any CPU.Build.0 = Debug|Any CPU
		{0CF2F271-9155-44A9-985D-2D6E77923DFF}.Release|Any CPU.ActiveCfg = Release|Any CPU
		{0CF2F271-9155-44A9-985D-2D6E77923DFF}.Release|Any CPU.Build.0 = Release|Any CPU
	EndGlobalSection
	GlobalSection(SolutionProperties) = preSolution
		HideSolutionNode = FALSE
	EndGlobalSection
	GlobalSection(ExtensibilityGlobals) = postSolution
		SolutionGuid = {6C23DD49-BBFE-4839-ABD2-240C350FE9F2}
	EndGlobalSection
EndGlobal
